
Microsoft Visual Studio Solution File, Format Version 12.00
# Visual Studio 14
VisualStudioVersion = 14.0.24720.0
MinimumVisualStudioVersion = 10.0.40219.1
Project("{FAE04EC0-301F-11D3-BF4B-00C04F79EFBC}") = "01. BrowserAndId", "01. BrowserAndId\01. BrowserAndId.csproj", "{22423BE8-E803-437B-B497-6EA709950E3A}"
EndProject
Project("{FAE04EC0-301F-11D3-BF4B-00C04F79EFBC}") = "02. Session", "02. Session\02. Session.csproj", "{5FD3E4B2-BF90-49E6-AEFD-8B921B3FDE0C}"
EndProject
Project("{FAE04EC0-301F-11D3-BF4B-00C04F79EFBC}") = "03. Cookies", "03. Cookies\03. Cookies.csproj", "{02F86DAB-B2D3-4F34-BF9D-0D5AE80BEC77}"
EndProject
Project("{FAE04EC0-301F-11D3-BF4B-00C04F79EFBC}") = "04. ViewState", "04. ViewState\04. ViewState.csproj", "{AF5D9C01-073E-426F-9162-A08C3F9F3CF2}"
EndProject
Project("{FAE04EC0-301F-11D3-BF4B-00C04F79EFBC}") = "05. WebCounter", "05. WebCounter\05. WebCounter.csproj", "{09B41D9D-DC4F-4602-A555-72477B1C02FD}"
EndProject
Project("{FAE04EC0-301F-11D3-BF4B-00C04F79EFBC}") = "05. WebCounterDB", "05. WebCounterDB\05. WebCounterDB.csproj", "{655499B2-BF16-4DC3-8E04-F29A6A3F6B05}"
EndProject
Project("{FAE04EC0-301F-11D3-BF4B-00C04F79EFBC}") = "06. TicTacToe.Web", "06. TicTacToe.Web\06. TicTacToe.Web.csproj", "{8E661DA2-1DAA-40B1-B907-4A9DAB5C0A73}"
EndProject
Global
	GlobalSection(SolutionConfigurationPlatforms) = preSolution
		Debug|Any CPU = Debug|Any CPU
		Release|Any CPU = Release|Any CPU
	EndGlobalSection
	GlobalSection(ProjectConfigurationPlatforms) = postSolution
		{22423BE8-E803-437B-B497-6EA709950E3A}.Debug|Any CPU.ActiveCfg = Debug|Any CPU
		{22423BE8-E803-437B-B497-6EA709950E3A}.Debug|Any CPU.Build.0 = Debug|Any CPU
		{22423BE8-E803-437B-B497-6EA709950E3A}.Release|Any CPU.ActiveCfg = Release|Any CPU
		{22423BE8-E803-437B-B497-6EA709950E3A}.Release|Any CPU.Build.0 = Release|Any CPU
		{5FD3E4B2-BF90-49E6-AEFD-8B921B3FDE0C}.Debug|Any CPU.ActiveCfg = Debug|Any CPU
		{5FD3E4B2-BF90-49E6-AEFD-8B921B3FDE0C}.Debug|Any CPU.Build.0 = Debug|Any CPU
		{5FD3E4B2-BF90-49E6-AEFD-8B921B3FDE0C}.Release|Any CPU.ActiveCfg = Release|Any CPU
		{5FD3E4B2-BF90-49E6-AEFD-8B921B3FDE0C}.Release|Any CPU.Build.0 = Release|Any CPU
		{02F86DAB-B2D3-4F34-BF9D-0D5AE80BEC77}.Debug|Any CPU.ActiveCfg = Debug|Any CPU
		{02F86DAB-B2D3-4F34-BF9D-0D5AE80BEC77}.Debug|Any CPU.Build.0 = Debug|Any CPU
		{02F86DAB-B2D3-4F34-BF9D-0D5AE80BEC77}.Release|Any CPU.ActiveCfg = Release|Any CPU
		{02F86DAB-B2D3-4F34-BF9D-0D5AE80BEC77}.Release|Any CPU.Build.0 = Release|Any CPU
		{AF5D9C01-073E-426F-9162-A08C3F9F3CF2}.Debug|Any CPU.ActiveCfg = Debug|Any CPU
		{AF5D9C01-073E-426F-9162-A08C3F9F3CF2}.Debug|Any CPU.Build.0 = Debug|Any CPU
		{AF5D9C01-073E-426F-9162-A08C3F9F3CF2}.Release|Any CPU.ActiveCfg = Release|Any CPU
		{AF5D9C01-073E-426F-9162-A08C3F9F3CF2}.Release|Any CPU.Build.0 = Release|Any CPU
		{09B41D9D-DC4F-4602-A555-72477B1C02FD}.Debug|Any CPU.ActiveCfg = Debug|Any CPU
		{09B41D9D-DC4F-4602-A555-72477B1C02FD}.Debug|Any CPU.Build.0 = Debug|Any CPU
		{09B41D9D-DC4F-4602-A555-72477B1C02FD}.Release|Any CPU.ActiveCfg = Release|Any CPU
		{09B41D9D-DC4F-4602-A555-72477B1C02FD}.Release|Any CPU.Build.0 = Release|Any CPU
		{655499B2-BF16-4DC3-8E04-F29A6A3F6B05}.Debug|Any CPU.ActiveCfg = Debug|Any CPU
		{655499B2-BF16-4DC3-8E04-F29A6A3F6B05}.Debug|Any CPU.Build.0 = Debug|Any CPU
		{655499B2-BF16-4DC3-8E04-F29A6A3F6B05}.Release|Any CPU.ActiveCfg = Release|Any CPU
		{655499B2-BF16-4DC3-8E04-F29A6A3F6B05}.Release|Any CPU.Build.0 = Release|Any CPU
		{8E661DA2-1DAA-40B1-B907-4A9DAB5C0A73}.Debug|Any CPU.ActiveCfg = Debug|Any CPU
		{8E661DA2-1DAA-40B1-B907-4A9DAB5C0A73}.Debug|Any CPU.Build.0 = Debug|Any CPU
		{8E661DA2-1DAA-40B1-B907-4A9DAB5C0A73}.Release|Any CPU.ActiveCfg = Release|Any CPU
		{8E661DA2-1DAA-40B1-B907-4A9DAB5C0A73}.Release|Any CPU.Build.0 = Release|Any CPU
	EndGlobalSection
	GlobalSection(SolutionProperties) = preSolution
		HideSolutionNode = FALSE
	EndGlobalSection
EndGlobal
