
Microsoft Visual Studio Solution File, Format Version 12.00
# Visual Studio 14
VisualStudioVersion = 14.0.24720.0
MinimumVisualStudioVersion = 10.0.40219.1
Project("{FAE04EC0-301F-11D3-BF4B-00C04F79EFBC}") = "01.UserProfile", "01.UserProfile\01.UserProfile.csproj", "{BD0B1E08-81FE-4F8E-8FCE-58FD023496EA}"
EndProject
Project("{FAE04EC0-301F-11D3-BF4B-00C04F79EFBC}") = "02.InternationalCompany", "02.InternationalCompany\02.InternationalCompany.csproj", "{4F373D3E-0FE6-4018-9B6B-D485F07B644B}"
EndProject
Global
	GlobalSection(SolutionConfigurationPlatforms) = preSolution
		Debug|Any CPU = Debug|Any CPU
		Release|Any CPU = Release|Any CPU
	EndGlobalSection
	GlobalSection(ProjectConfigurationPlatforms) = postSolution
		{BD0B1E08-81FE-4F8E-8FCE-58FD023496EA}.Debug|Any CPU.ActiveCfg = Debug|Any CPU
		{BD0B1E08-81FE-4F8E-8FCE-58FD023496EA}.Debug|Any CPU.Build.0 = Debug|Any CPU
		{BD0B1E08-81FE-4F8E-8FCE-58FD023496EA}.Release|Any CPU.ActiveCfg = Release|Any CPU
		{BD0B1E08-81FE-4F8E-8FCE-58FD023496EA}.Release|Any CPU.Build.0 = Release|Any CPU
		{4F373D3E-0FE6-4018-9B6B-D485F07B644B}.Debug|Any CPU.ActiveCfg = Debug|Any CPU
		{4F373D3E-0FE6-4018-9B6B-D485F07B644B}.Debug|Any CPU.Build.0 = Debug|Any CPU
		{4F373D3E-0FE6-4018-9B6B-D485F07B644B}.Release|Any CPU.ActiveCfg = Release|Any CPU
		{4F373D3E-0FE6-4018-9B6B-D485F07B644B}.Release|Any CPU.Build.0 = Release|Any CPU
	EndGlobalSection
	GlobalSection(SolutionProperties) = preSolution
		HideSolutionNode = FALSE
	EndGlobalSection
EndGlobal
