
Microsoft Visual Studio Solution File, Format Version 12.00
# Visual Studio 14
VisualStudioVersion = 14.0.24720.0
MinimumVisualStudioVersion = 10.0.40219.1
Project("{FAE04EC0-301F-11D3-BF4B-00C04F79EFBC}") = "01. Mobile", "01. Mobile\01. Mobile.csproj", "{3946F7C7-E0C0-4E13-A183-AFC557C13D23}"
EndProject
Project("{FAE04EC0-301F-11D3-BF4B-00C04F79EFBC}") = "02. Employees", "02. Employees\02. Employees.csproj", "{801E0513-7D27-4F7F-B019-1D5A85E63067}"
EndProject
Project("{FAE04EC0-301F-11D3-BF4B-00C04F79EFBC}") = "03. XMLTreeView", "03. XMLTreeView\03. XMLTreeView.csproj", "{4AE7B56E-1ED5-4EB3-BE99-0F3F8AB35D57}"
EndProject
Project("{FAE04EC0-301F-11D3-BF4B-00C04F79EFBC}") = "04. NorthwindQuery", "04. NorthwindQuery\04. NorthwindQuery.csproj", "{5828E395-E646-4BE6-B8A3-083B56E0FC42}"
EndProject
Global
	GlobalSection(SolutionConfigurationPlatforms) = preSolution
		Debug|Any CPU = Debug|Any CPU
		Release|Any CPU = Release|Any CPU
	EndGlobalSection
	GlobalSection(ProjectConfigurationPlatforms) = postSolution
		{3946F7C7-E0C0-4E13-A183-AFC557C13D23}.Debug|Any CPU.ActiveCfg = Debug|Any CPU
		{3946F7C7-E0C0-4E13-A183-AFC557C13D23}.Debug|Any CPU.Build.0 = Debug|Any CPU
		{3946F7C7-E0C0-4E13-A183-AFC557C13D23}.Release|Any CPU.ActiveCfg = Release|Any CPU
		{3946F7C7-E0C0-4E13-A183-AFC557C13D23}.Release|Any CPU.Build.0 = Release|Any CPU
		{801E0513-7D27-4F7F-B019-1D5A85E63067}.Debug|Any CPU.ActiveCfg = Debug|Any CPU
		{801E0513-7D27-4F7F-B019-1D5A85E63067}.Debug|Any CPU.Build.0 = Debug|Any CPU
		{801E0513-7D27-4F7F-B019-1D5A85E63067}.Release|Any CPU.ActiveCfg = Release|Any CPU
		{801E0513-7D27-4F7F-B019-1D5A85E63067}.Release|Any CPU.Build.0 = Release|Any CPU
		{4AE7B56E-1ED5-4EB3-BE99-0F3F8AB35D57}.Debug|Any CPU.ActiveCfg = Debug|Any CPU
		{4AE7B56E-1ED5-4EB3-BE99-0F3F8AB35D57}.Debug|Any CPU.Build.0 = Debug|Any CPU
		{4AE7B56E-1ED5-4EB3-BE99-0F3F8AB35D57}.Release|Any CPU.ActiveCfg = Release|Any CPU
		{4AE7B56E-1ED5-4EB3-BE99-0F3F8AB35D57}.Release|Any CPU.Build.0 = Release|Any CPU
		{5828E395-E646-4BE6-B8A3-083B56E0FC42}.Debug|Any CPU.ActiveCfg = Debug|Any CPU
		{5828E395-E646-4BE6-B8A3-083B56E0FC42}.Debug|Any CPU.Build.0 = Debug|Any CPU
		{5828E395-E646-4BE6-B8A3-083B56E0FC42}.Release|Any CPU.ActiveCfg = Release|Any CPU
		{5828E395-E646-4BE6-B8A3-083B56E0FC42}.Release|Any CPU.Build.0 = Release|Any CPU
	EndGlobalSection
	GlobalSection(SolutionProperties) = preSolution
		HideSolutionNode = FALSE
	EndGlobalSection
EndGlobal
